github.com/fajritsaniy/go-say-hello v1.0.0 h1:6Elb+PMF9wvZKsObPvLMg+35ecWA2Ge2ns7Z0cTo1WA=
github.com/fajritsaniy/go-say-hello v1.0.0/go.mod h1:lGLuC/N5W9708QXBp7xZZ8RNvGXtJxdbVZUx0CRUKH8=
github.com/fajritsaniy/go-say-hello v1.0.1 h1:Bc0anwUHXKI405BXpqTcTU2q48HLDESw90GhDlXk9MA=
github.com/fajritsaniy/go-say-hello v1.0.1/go.mod h1:lGLuC/N5W9708QXBp7xZZ8RNvGXtJxdbVZUx0CRUKH8=
